
Microsoft Visual Studio Solution File, Format Version 12.00
# Visual Studio Version 16
VisualStudioVersion = 16.0.30717.126
MinimumVisualStudioVersion = 10.0.40219.1
Project("{FAE04EC0-301F-11D3-BF4B-00C04F79EFBC}") = "TimerGenerator", "TimerGenerator.csproj", "{AC8F4CAB-4CB4-4887-BCC8-F2FA7F48EBB8}"
EndProject
Global
	GlobalSection(SolutionConfigurationPlatforms) = preSolution
		Debug|Any CPU = Debug|Any CPU
		Release|Any CPU = Release|Any CPU
	EndGlobalSection
	GlobalSection(ProjectConfigurationPlatforms) = postSolution
		{AC8F4CAB-4CB4-4887-BCC8-F2FA7F48EBB8}.Debug|Any CPU.ActiveCfg = Debug|Any CPU
		{AC8F4CAB-4CB4-4887-BCC8-F2FA7F48EBB8}.Debug|Any CPU.Build.0 = Debug|Any CPU
		{AC8F4CAB-4CB4-4887-BCC8-F2FA7F48EBB8}.Release|Any CPU.ActiveCfg = Release|Any CPU
		{AC8F4CAB-4CB4-4887-BCC8-F2FA7F48EBB8}.Release|Any CPU.Build.0 = Release|Any CPU
	EndGlobalSection
	GlobalSection(SolutionProperties) = preSolution
		HideSolutionNode = FALSE
	EndGlobalSection
	GlobalSection(ExtensibilityGlobals) = postSolution
		SolutionGuid = {534AB438-BD30-47A0-BCA5-73EE31D0988D}
	EndGlobalSection
EndGlobal
